
Microsoft Visual Studio Solution File, Format Version 12.00
# Visual Studio Version 17
VisualStudioVersion = 17.2.32505.173
MinimumVisualStudioVersion = 10.0.40219.1
Project("{9A19103F-16F7-4668-BE54-9A1E7A4F7556}") = "Identity.API", "Services\Identity\Identity.API\Identity.API.csproj", "{14C29AB6-20BA-4B67-8153-1662FB1525EA}"
EndProject
Project("{2150E333-8FDC-42A3-9474-1A3956D46DE8}") = "Solution Items", "Solution Items", "{2158EBAB-CA53-459C-ACA6-73E5935C1964}"
	ProjectSection(SolutionItems) = preProject
		.editorconfig = .editorconfig
	EndProjectSection
EndProject
Global
	GlobalSection(SolutionConfigurationPlatforms) = preSolution
		Debug|Any CPU = Debug|Any CPU
		Release|Any CPU = Release|Any CPU
	EndGlobalSection
	GlobalSection(ProjectConfigurationPlatforms) = postSolution
		{14C29AB6-20BA-4B67-8153-1662FB1525EA}.Debug|Any CPU.ActiveCfg = Debug|Any CPU
		{14C29AB6-20BA-4B67-8153-1662FB1525EA}.Debug|Any CPU.Build.0 = Debug|Any CPU
		{14C29AB6-20BA-4B67-8153-1662FB1525EA}.Release|Any CPU.ActiveCfg = Release|Any CPU
		{14C29AB6-20BA-4B67-8153-1662FB1525EA}.Release|Any CPU.Build.0 = Release|Any CPU
	EndGlobalSection
	GlobalSection(SolutionProperties) = preSolution
		HideSolutionNode = FALSE
	EndGlobalSection
	GlobalSection(ExtensibilityGlobals) = postSolution
		SolutionGuid = {44691403-CC14-4A4E-9C72-31D374E38C14}
	EndGlobalSection
EndGlobal
